
Microsoft Visual Studio Solution File, Format Version 12.00
# Visual Studio Version 17
VisualStudioVersion = 17.0.31903.59
MinimumVisualStudioVersion = 10.0.40219.1
Project("{2150E333-8FDC-42A3-9474-1A3956D46DE8}") = "src", "src", "{DDAA6FB6-62F4-43A1-A5DD-3542DB31CD4F}"
EndProject
Project("{FAE04EC0-301F-11D3-BF4B-00C04F79EFBC}") = "MedAnnotateApp.Core", "src\MedAnnotateApp.Core\MedAnnotateApp.Core.csproj", "{34414DA9-0B18-4442-850C-B0579E15ED77}"
EndProject
Project("{FAE04EC0-301F-11D3-BF4B-00C04F79EFBC}") = "MedAnnotateApp.Infrastructure", "src\MedAnnotateApp.Infrastructure\MedAnnotateApp.Infrastructure.csproj", "{46346947-48D0-440E-866D-0C69177B9369}"
EndProject
Project("{FAE04EC0-301F-11D3-BF4B-00C04F79EFBC}") = "MedAnnotateApp.Presentation", "src\MedAnnotateApp.Presentation\MedAnnotateApp.Presentation.csproj", "{5B05EE19-F0F1-4977-A874-BC6E282F5980}"
EndProject
Global
	GlobalSection(SolutionConfigurationPlatforms) = preSolution
		Debug|Any CPU = Debug|Any CPU
		Release|Any CPU = Release|Any CPU
	EndGlobalSection
	GlobalSection(SolutionProperties) = preSolution
		HideSolutionNode = FALSE
	EndGlobalSection
	GlobalSection(ProjectConfigurationPlatforms) = postSolution
		{34414DA9-0B18-4442-850C-B0579E15ED77}.Debug|Any CPU.ActiveCfg = Debug|Any CPU
		{34414DA9-0B18-4442-850C-B0579E15ED77}.Debug|Any CPU.Build.0 = Debug|Any CPU
		{34414DA9-0B18-4442-850C-B0579E15ED77}.Release|Any CPU.ActiveCfg = Release|Any CPU
		{34414DA9-0B18-4442-850C-B0579E15ED77}.Release|Any CPU.Build.0 = Release|Any CPU
		{46346947-48D0-440E-866D-0C69177B9369}.Debug|Any CPU.ActiveCfg = Debug|Any CPU
		{46346947-48D0-440E-866D-0C69177B9369}.Debug|Any CPU.Build.0 = Debug|Any CPU
		{46346947-48D0-440E-866D-0C69177B9369}.Release|Any CPU.ActiveCfg = Release|Any CPU
		{46346947-48D0-440E-866D-0C69177B9369}.Release|Any CPU.Build.0 = Release|Any CPU
		{5B05EE19-F0F1-4977-A874-BC6E282F5980}.Debug|Any CPU.ActiveCfg = Debug|Any CPU
		{5B05EE19-F0F1-4977-A874-BC6E282F5980}.Debug|Any CPU.Build.0 = Debug|Any CPU
		{5B05EE19-F0F1-4977-A874-BC6E282F5980}.Release|Any CPU.ActiveCfg = Release|Any CPU
		{5B05EE19-F0F1-4977-A874-BC6E282F5980}.Release|Any CPU.Build.0 = Release|Any CPU
	EndGlobalSection
	GlobalSection(NestedProjects) = preSolution
		{34414DA9-0B18-4442-850C-B0579E15ED77} = {DDAA6FB6-62F4-43A1-A5DD-3542DB31CD4F}
		{46346947-48D0-440E-866D-0C69177B9369} = {DDAA6FB6-62F4-43A1-A5DD-3542DB31CD4F}
		{5B05EE19-F0F1-4977-A874-BC6E282F5980} = {DDAA6FB6-62F4-43A1-A5DD-3542DB31CD4F}
	EndGlobalSection
EndGlobal
